
Microsoft Visual Studio Solution File, Format Version 12.00
# Visual Studio Version 17
VisualStudioVersion = 17.13.35931.197 d17.13
MinimumVisualStudioVersion = 10.0.40219.1
Project("{FAE04EC0-301F-11D3-BF4B-00C04F79EFBC}") = "gestorFinanzas", "gestorFinanzas\gestorFinanzas.csproj", "{C9A74CBC-2908-4AAF-99CA-EE2866718570}"
EndProject
Global
	GlobalSection(SolutionConfigurationPlatforms) = preSolution
		Debug|Any CPU = Debug|Any CPU
		Release|Any CPU = Release|Any CPU
	EndGlobalSection
	GlobalSection(ProjectConfigurationPlatforms) = postSolution
		{C9A74CBC-2908-4AAF-99CA-EE2866718570}.Debug|Any CPU.ActiveCfg = Debug|Any CPU
		{C9A74CBC-2908-4AAF-99CA-EE2866718570}.Debug|Any CPU.Build.0 = Debug|Any CPU
		{C9A74CBC-2908-4AAF-99CA-EE2866718570}.Release|Any CPU.ActiveCfg = Release|Any CPU
		{C9A74CBC-2908-4AAF-99CA-EE2866718570}.Release|Any CPU.Build.0 = Release|Any CPU
	EndGlobalSection
	GlobalSection(SolutionProperties) = preSolution
		HideSolutionNode = FALSE
	EndGlobalSection
	GlobalSection(ExtensibilityGlobals) = postSolution
		SolutionGuid = {56785B25-3E86-4C46-B78D-FACF79E83776}
	EndGlobalSection
EndGlobal
